{
    "_readme": [
        "This file locks the dependencies of your project to a known state",
        "Read more about it at https://getcomposer.org/doc/01-basic-usage.md#composer-lock-the-lock-file",
        "This file is @generated automatically"
    ],
    "content-hash": "6c91a96fbefcdb42fb33fae1e7aab9f4",
    "packages": [
        {
            "name": "avplab/php-html-builder",
            "version": "dev-master",
            "source": {
                "type": "git",
                "url": "https://github.com/avplab/php-html-builder.git",
                "reference": "75c689a1202511c408152a0182fe890973e5c354"
            },
            "dist": {
                "type": "zip",
                "url": "https://files.phpcomposer.com/files/avplab/php-html-builder/75c689a1202511c408152a0182fe890973e5c354.zip",
                "reference": "75c689a1202511c408152a0182fe890973e5c354",
                "shasum": ""
            },
            "require": {
                "php": ">=5.5.0"
            },
            "require-dev": {
                "phpunit/phpunit": "~4.2"
            },
            "type": "package",
            "autoload": {
                "psr-4": {
                    "AvpLab\\": "./src"
                }
            },
            "notification-url": "https://packagist.org/downloads/",
            "license": [
                "MIT"
            ],
            "authors": [
                {
                    "name": "Andrew Polupanov",
                    "email": "andrewfortalking@gmail.com"
                }
            ],
            "description": "PHP Html builder simplifies creation of an html code in php scripts",
            "homepage": "http://github.com/avplab/php-html-builder",
            "keywords": [
                "builder",
                "html",
                "php"
            ],
            "time": "2017-03-07T08:17:29+00:00"
        },
        {
            "name": "psr/http-message",
            "version": "dev-master",
            "source": {
                "type": "git",
                "url": "https://github.com/php-fig/http-message.git",
                "reference": "f6561bf28d520154e4b0ec72be95418abe6d9363"
            },
            "dist": {
                "type": "zip",
                "url": "https://files.phpcomposer.com/files/php-fig/http-message/f6561bf28d520154e4b0ec72be95418abe6d9363.zip",
                "reference": "f6561bf28d520154e4b0ec72be95418abe6d9363",
                "shasum": ""
            },
            "require": {
                "php": ">=5.3.0"
            },
            "type": "library",
            "extra": {
                "branch-alias": {
                    "dev-master": "1.0.x-dev"
                }
            },
            "autoload": {
                "psr-4": {
                    "Psr\\Http\\Message\\": "src/"
                }
            },
            "notification-url": "https://packagist.org/downloads/",
            "license": [
                "MIT"
            ],
            "authors": [
                {
                    "name": "PHP-FIG",
                    "homepage": "http://www.php-fig.org/"
                }
            ],
            "description": "Common interface for HTTP messages",
            "homepage": "https://github.com/php-fig/http-message",
            "keywords": [
                "http",
                "http-message",
                "psr",
                "psr-7",
                "request",
                "response"
            ],
            "time": "2016-08-06T14:39:51+00:00"
        }
    ],
    "packages-dev": [],
    "aliases": [],
    "minimum-stability": "dev",
    "stability-flags": {
        "avplab/php-html-builder": 20
    },
    "prefer-stable": false,
    "prefer-lowest": false,
    "platform": {
        "php": ">5.3"
    },
    "platform-dev": []
}
